PODS:
  - Masonry (1.1.0)
  - MJRefresh (3.7.3)
  - SDWebImage (5.12.1):
    - SDWebImage/Core (= 5.12.1)
  - SDWebImage/Core (5.12.1)
  - SVProgressHUD (2.2.5)
  - WSZSDKTest (0.0.8)

DEPENDENCIES:
  - Masonry
  - MJRefresh
  - SDWebImage
  - SVProgressHUD
  - WSZSDKTest

SPEC REPOS:
  trunk:
    - Masonry
    - MJRefresh
    - SDWebImage
    - SVProgressHUD
    - WSZSDKTest

SPEC CHECKSUMS:
  Masonry: 678fab65091a9290e40e2832a55e7ab731aad201
  MJRefresh: ec9c53ff4abf3a9237b4283862f1bd51c2ee3fdb
  SDWebImage: 4dc3e42d9ec0c1028b960a33ac6b637bb432207b
  SVProgressHUD: 1428aafac632c1f86f62aa4243ec12008d7a51d6
  WSZSDKTest: 558bd418859398600aa2f93a2635dfaf7a996df0

PODFILE CHECKSUM: 2c369fc1d1c97bc30ae25cc00bcb6cedbc7c3282

COCOAPODS: 1.11.2
