PODS:
  - WechatOpenSDK (1.8.7.1)
  - WSZSDKTest (0.0.9)

DEPENDENCIES:
  - WechatOpenSDK
  - WSZSDKTest

SPEC REPOS:
  trunk:
    - WechatOpenSDK
    - WSZSDKTest

SPEC CHECKSUMS:
  WechatOpenSDK: 6a4d1436c15b3b5fe2a0bd383f3046010186da44
  WSZSDKTest: edacfe0425879492602c78ffff8ef74d97437f13

PODFILE CHECKSUM: f96d0a51bab8b5cd79524156fa1e71c63a64f9e8

COCOAPODS: 1.11.2
